// !$*UTF8*$!
{
	archiveVersion = 1;
	classes = {
	};
	objectVersion = 46;
	objects = {

/* Begin PBXBuildFile section */
		5B5DDCBFA47CDD69ADBC21CA /* Pods_ParseStagramTests.framework in Frameworks */ = {isa = PBXBuildFile; fileRef = 55E7855B30E3C43C4C12C92A /* Pods_ParseStagramTests.framework */; };
		5CFB64ED1D18AA0900D535E9 /* AppDelegate.swift in Sources */ = {isa = PBXBuildFile; fileRef = 5CFB64EC1D18AA0900D535E9 /* AppDelegate.swift */; };
		5CFB64F21D18AA0900D535E9 /* Main.storyboard in Resources */ = {isa = PBXBuildFile; fileRef = 5CFB64F01D18AA0900D535E9 /* Main.storyboard */; };
		5CFB64F41D18AA0900D535E9 /* Assets.xcassets in Resources */ = {isa = PBXBuildFile; fileRef = 5CFB64F31D18AA0900D535E9 /* Assets.xcassets */; };
		5CFB64F71D18AA0900D535E9 /* LaunchScreen.storyboard in Resources */ = {isa = PBXBuildFile; fileRef = 5CFB64F51D18AA0900D535E9 /* LaunchScreen.storyboard */; };
		5CFB65021D18AA0900D535E9 /* ParseStagramTests.swift in Sources */ = {isa = PBXBuildFile; fileRef = 5CFB65011D18AA0900D535E9 /* ParseStagramTests.swift */; };
		5CFB650D1D18AA0900D535E9 /* ParseStagramUITests.swift in Sources */ = {isa = PBXBuildFile; fileRef = 5CFB650C1D18AA0900D535E9 /* ParseStagramUITests.swift */; };
		5CFB651B1D18AE6C00D535E9 /* LoginViewController.swift in Sources */ = {isa = PBXBuildFile; fileRef = 5CFB651A1D18AE6C00D535E9 /* LoginViewController.swift */; };
		5CFB651D1D19DE8A00D535E9 /* LoggedInViewController.swift in Sources */ = {isa = PBXBuildFile; fileRef = 5CFB651C1D19DE8A00D535E9 /* LoggedInViewController.swift */; };
		5CFB651F1D19F85E00D535E9 /* Post.swift in Sources */ = {isa = PBXBuildFile; fileRef = 5CFB651E1D19F85E00D535E9 /* Post.swift */; };
		5CFB65231D1A0CDA00D535E9 /* PostCell.swift in Sources */ = {isa = PBXBuildFile; fileRef = 5CFB65221D1A0CDA00D535E9 /* PostCell.swift */; };
		5CFB65291D1B3E0900D535E9 /* InfiniteScrollActivityView.swift in Sources */ = {isa = PBXBuildFile; fileRef = 5CFB65281D1B3E0900D535E9 /* InfiniteScrollActivityView.swift */; };
		5CFB652B1D1B500700D535E9 /* DetailPostViewController.swift in Sources */ = {isa = PBXBuildFile; fileRef = 5CFB652A1D1B500700D535E9 /* DetailPostViewController.swift */; };
		5CFB652D1D1C4A9200D535E9 /* ProfileViewController.swift in Sources */ = {isa = PBXBuildFile; fileRef = 5CFB652C1D1C4A9200D535E9 /* ProfileViewController.swift */; };
		8C33FD102FF9D936E44D2B14 /* Pods_ParseStagramUITests.framework in Frameworks */ = {isa = PBXBuildFile; fileRef = CC17DF2B3E0F4FDCB52BE9EC /* Pods_ParseStagramUITests.framework */; };
		E87CD3633AB63A81AABA584F /* Pods_ParseStagram.framework in Frameworks */ = {isa = PBXBuildFile; fileRef = F56716E1CCB6B59D9FD5FA3D /* Pods_ParseStagram.framework */; };
/* End PBXBuildFile section */

/* Begin PBXContainerItemProxy section */
		5CFB64FE1D18AA0900D535E9 /* PBXContainerItemProxy */ = {
			isa = PBXContainerItemProxy;
			containerPortal = 5CFB64E11D18AA0900D535E9 /* Project object */;
			proxyType = 1;
			remoteGlobalIDString = 5CFB64E81D18AA0900D535E9;
			remoteInfo = ParseStagram;
		};
		5CFB65091D18AA0900D535E9 /* PBXContainerItemProxy */ = {
			isa = PBXContainerItemProxy;
			containerPortal = 5CFB64E11D18AA0900D535E9 /* Project object */;
			proxyType = 1;
			remoteGlobalIDString = 5CFB64E81D18AA0900D535E9;
			remoteInfo = ParseStagram;
		};
/* End PBXContainerItemProxy section */

/* Begin PBXFileReference section */
		067C65ACDF0C32E15B7264EF /* Pods-ParseStagramTests.debug.xcconfig */ = {isa = PBXFileReference; includeInIndex = 1; lastKnownFileType = text.xcconfig; name = "Pods-ParseStagramTests.debug.xcconfig"; path = "Pods/Target Support Files/Pods-ParseStagramTests/Pods-ParseStagramTests.debug.xcconfig"; sourceTree = "<group>"; };
		55E7855B30E3C43C4C12C92A /* Pods_ParseStagramTests.framework */ = {isa = PBXFileReference; explicitFileType = wrapper.framework; includeInIndex = 0; path = Pods_ParseStagramTests.framework; sourceTree = BUILT_PRODUCTS_DIR; };
		5CFB64E91D18AA0900D535E9 /* ParseStagram.app */ = {isa = PBXFileReference; explicitFileType = wrapper.application; includeInIndex = 0; path = ParseStagram.app; sourceTree = BUILT_PRODUCTS_DIR; };
		5CFB64EC1D18AA0900D535E9 /* AppDelegate.swift */ = {isa = PBXFileReference; lastKnownFileType = sourcecode.swift; path = AppDelegate.swift; sourceTree = "<group>"; };
		5CFB64F11D18AA0900D535E9 /* Base */ = {isa = PBXFileReference; lastKnownFileType = file.storyboard; name = Base; path = Base.lproj/Main.storyboard; sourceTree = "<group>"; };
		5CFB64F31D18AA0900D535E9 /* Assets.xcassets */ = {isa = PBXFileReference; lastKnownFileType = folder.assetcatalog; path = Assets.xcassets; sourceTree = "<group>"; };
		5CFB64F61D18AA0900D535E9 /* Base */ = {isa = PBXFileReference; lastKnownFileType = file.storyboard; name = Base; path = Base.lproj/LaunchScreen.storyboard; sourceTree = "<group>"; };
		5CFB64F81D18AA0900D535E9 /* Info.plist */ = {isa = PBXFileReference; lastKnownFileType = text.plist.xml; path = Info.plist; sourceTree = "<group>"; };
		5CFB64FD1D18AA0900D535E9 /* ParseStagramTests.xctest */ = {isa = PBXFileReference; explicitFileType = wrapper.cfbundle; includeInIndex = 0; path = ParseStagramTests.xctest; sourceTree = BUILT_PRODUCTS_DIR; };
		5CFB65011D18AA0900D535E9 /* ParseStagramTests.swift */ = {isa = PBXFileReference; lastKnownFileType = sourcecode.swift; path = ParseStagramTests.swift; sourceTree = "<group>"; };
		5CFB65031D18AA0900D535E9 /* Info.plist */ = {isa = PBXFileReference; lastKnownFileType = text.plist.xml; path = Info.plist; sourceTree = "<group>"; };
		5CFB65081D18AA0900D535E9 /* ParseStagramUITests.xctest */ = {isa = PBXFileReference; explicitFileType = wrapper.cfbundle; includeInIndex = 0; path = ParseStagramUITests.xctest; sourceTree = BUILT_PRODUCTS_DIR; };
		5CFB650C1D18AA0900D535E9 /* ParseStagramUITests.swift */ = {isa = PBXFileReference; lastKnownFileType = sourcecode.swift; path = ParseStagramUITests.swift; sourceTree = "<group>"; };
		5CFB650E1D18AA0900D535E9 /* Info.plist */ = {isa = PBXFileReference; lastKnownFileType = text.plist.xml; path = Info.plist; sourceTree = "<group>"; };
		5CFB651A1D18AE6C00D535E9 /* LoginViewController.swift */ = {isa = PBXFileReference; fileEncoding = 4; lastKnownFileType = sourcecode.swift; path = LoginViewController.swift; sourceTree = "<group>"; };
		5CFB651C1D19DE8A00D535E9 /* LoggedInViewController.swift */ = {isa = PBXFileReference; fileEncoding = 4; lastKnownFileType = sourcecode.swift; path = LoggedInViewController.swift; sourceTree = "<group>"; };
		5CFB651E1D19F85E00D535E9 /* Post.swift */ = {isa = PBXFileReference; fileEncoding = 4; lastKnownFileType = sourcecode.swift; name = Post.swift; path = ../Post.swift; sourceTree = "<group>"; };
		5CFB65221D1A0CDA00D535E9 /* PostCell.swift */ = {isa = PBXFileReference; fileEncoding = 4; lastKnownFileType = sourcecode.swift; path = PostCell.swift; sourceTree = "<group>"; };
		5CFB65281D1B3E0900D535E9 /* InfiniteScrollActivityView.swift */ = {isa = PBXFileReference; fileEncoding = 4; lastKnownFileType = sourcecode.swift; path = InfiniteScrollActivityView.swift; sourceTree = "<group>"; };
		5CFB652A1D1B500700D535E9 /* DetailPostViewController.swift */ = {isa = PBXFileReference; fileEncoding = 4; lastKnownFileType = sourcecode.swift; path = DetailPostViewController.swift; sourceTree = "<group>"; };
		5CFB652C1D1C4A9200D535E9 /* ProfileViewController.swift */ = {isa = PBXFileReference; fileEncoding = 4; lastKnownFileType = sourcecode.swift; path = ProfileViewController.swift; sourceTree = "<group>"; };
		A9F4229057A5ED2506D5C9E0 /* Pods-ParseStagramUITests.debug.xcconfig */ = {isa = PBXFileReference; includeInIndex = 1; lastKnownFileType = text.xcconfig; name = "Pods-ParseStagramUITests.debug.xcconfig"; path = "Pods/Target Support Files/Pods-ParseStagramUITests/Pods-ParseStagramUITests.debug.xcconfig"; sourceTree = "<group>"; };
		B414B1717500413868EC5544 /* Pods-ParseStagramUITests.release.xcconfig */ = {isa = PBXFileReference; includeInIndex = 1; lastKnownFileType = text.xcconfig; name = "Pods-ParseStagramUITests.release.xcconfig"; path = "Pods/Target Support Files/Pods-ParseStagramUITests/Pods-ParseStagramUITests.release.xcconfig"; sourceTree = "<group>"; };
		C7326EC8581BA3FCA53A06C9 /* Pods-ParseStagramTests.release.xcconfig */ = {isa = PBXFileReference; includeInIndex = 1; lastKnownFileType = text.xcconfig; name = "Pods-ParseStagramTests.release.xcconfig"; path = "Pods/Target Support Files/Pods-ParseStagramTests/Pods-ParseStagramTests.release.xcconfig"; sourceTree = "<group>"; };
		CABA732AF08938F944BBF82B /* Pods-ParseStagram.release.xcconfig */ = {isa = PBXFileReference; includeInIndex = 1; lastKnownFileType = text.xcconfig; name = "Pods-ParseStagram.release.xcconfig"; path = "Pods/Target Support Files/Pods-ParseStagram/Pods-ParseStagram.release.xcconfig"; sourceTree = "<group>"; };
		CC17DF2B3E0F4FDCB52BE9EC /* Pods_ParseStagramUITests.framework */ = {isa = PBXFileReference; explicitFileType = wrapper.framework; includeInIndex = 0; path = Pods_ParseStagramUITests.framework; sourceTree = BUILT_PRODUCTS_DIR; };
		E8653E18A619D166A3427C0C /* Pods-ParseStagram.debug.xcconfig */ = {isa = PBXFileReference; includeInIndex = 1; lastKnownFileType = text.xcconfig; name = "Pods-ParseStagram.debug.xcconfig"; path = "Pods/Target Support Files/Pods-ParseStagram/Pods-ParseStagram.debug.xcconfig"; sourceTree = "<group>"; };
		F56716E1CCB6B59D9FD5FA3D /* Pods_ParseStagram.framework */ = {isa = PBXFileReference; explicitFileType = wrapper.framework; includeInIndex = 0; path = Pods_ParseStagram.framework; sourceTree = BUILT_PRODUCTS_DIR; };
/* End PBXFileReference section */

/* Begin PBXFrameworksBuildPhase section */
		5CFB64E61D18AA0900D535E9 /* Frameworks */ = {
			isa = PBXFrameworksBuildPhase;
			buildActionMask = 2147483647;
			files = (
				E87CD3633AB63A81AABA584F /* Pods_ParseStagram.framework in Frameworks */,
			);
			runOnlyForDeploymentPostprocessing = 0;
		};
		5CFB64FA1D18AA0900D535E9 /* Frameworks */ = {
			isa = PBXFrameworksBuildPhase;
			buildActionMask = 2147483647;
			files = (
				5B5DDCBFA47CDD69ADBC21CA /* Pods_ParseStagramTests.framework in Frameworks */,
			);
			runOnlyForDeploymentPostprocessing = 0;
		};
		5CFB65051D18AA0900D535E9 /* Frameworks */ = {
			isa = PBXFrameworksBuildPhase;
			buildActionMask = 2147483647;
			files = (
				8C33FD102FF9D936E44D2B14 /* Pods_ParseStagramUITests.framework in Frameworks */,
			);
			runOnlyForDeploymentPostprocessing = 0;
		};
/* End PBXFrameworksBuildPhase section */

/* Begin PBXGroup section */
		5CFB64E01D18AA0900D535E9 = {
			isa = PBXGroup;
			children = (
				5CFB64EB1D18AA0900D535E9 /* ParseStagram */,
				5CFB65001D18AA0900D535E9 /* ParseStagramTests */,
				5CFB650B1D18AA0900D535E9 /* ParseStagramUITests */,
				5CFB64EA1D18AA0900D535E9 /* Products */,
				7E92400D41311B529C1A8098 /* Pods */,
				82460A6ABD830D95E5DB3CF0 /* Frameworks */,
			);
			sourceTree = "<group>";
		};
		5CFB64EA1D18AA0900D535E9 /* Products */ = {
			isa = PBXGroup;
			children = (
				5CFB64E91D18AA0900D535E9 /* ParseStagram.app */,
				5CFB64FD1D18AA0900D535E9 /* ParseStagramTests.xctest */,
				5CFB65081D18AA0900D535E9 /* ParseStagramUITests.xctest */,
			);
			name = Products;
			sourceTree = "<group>";
		};
		5CFB64EB1D18AA0900D535E9 /* ParseStagram */ = {
			isa = PBXGroup;
			children = (
				5CFB65281D1B3E0900D535E9 /* InfiniteScrollActivityView.swift */,
				5CFB651E1D19F85E00D535E9 /* Post.swift */,
				5CFB65221D1A0CDA00D535E9 /* PostCell.swift */,
				5CFB64EC1D18AA0900D535E9 /* AppDelegate.swift */,
				5CFB64F01D18AA0900D535E9 /* Main.storyboard */,
				5CFB652C1D1C4A9200D535E9 /* ProfileViewController.swift */,
				5CFB651C1D19DE8A00D535E9 /* LoggedInViewController.swift */,
				5CFB651A1D18AE6C00D535E9 /* LoginViewController.swift */,
				5CFB652A1D1B500700D535E9 /* DetailPostViewController.swift */,
				5CFB64F31D18AA0900D535E9 /* Assets.xcassets */,
				5CFB64F51D18AA0900D535E9 /* LaunchScreen.storyboard */,
				5CFB64F81D18AA0900D535E9 /* Info.plist */,
			);
			path = ParseStagram;
			sourceTree = "<group>";
		};
		5CFB65001D18AA0900D535E9 /* ParseStagramTests */ = {
			isa = PBXGroup;
			children = (
				5CFB65011D18AA0900D535E9 /* ParseStagramTests.swift */,
				5CFB65031D18AA0900D535E9 /* Info.plist */,
			);
			path = ParseStagramTests;
			sourceTree = "<group>";
		};
		5CFB650B1D18AA0900D535E9 /* ParseStagramUITests */ = {
			isa = PBXGroup;
			children = (
				5CFB650C1D18AA0900D535E9 /* ParseStagramUITests.swift */,
				5CFB650E1D18AA0900D535E9 /* Info.plist */,
			);
			path = ParseStagramUITests;
			sourceTree = "<group>";
		};
		7E92400D41311B529C1A8098 /* Pods */ = {
			isa = PBXGroup;
			children = (
				E8653E18A619D166A3427C0C /* Pods-ParseStagram.debug.xcconfig */,
				CABA732AF08938F944BBF82B /* Pods-ParseStagram.release.xcconfig */,
				067C65ACDF0C32E15B7264EF /* Pods-ParseStagramTests.debug.xcconfig */,
				C7326EC8581BA3FCA53A06C9 /* Pods-ParseStagramTests.release.xcconfig */,
				A9F4229057A5ED2506D5C9E0 /* Pods-ParseStagramUITests.debug.xcconfig */,
				B414B1717500413868EC5544 /* Pods-ParseStagramUITests.release.xcconfig */,
			);
			name = Pods;
			sourceTree = "<group>";
		};
		82460A6ABD830D95E5DB3CF0 /* Frameworks */ = {
			isa = PBXGroup;
			children = (
				F56716E1CCB6B59D9FD5FA3D /* Pods_ParseStagram.framework */,
				55E7855B30E3C43C4C12C92A /* Pods_ParseStagramTests.framework */,
				CC17DF2B3E0F4FDCB52BE9EC /* Pods_ParseStagramUITests.framework */,
			);
			name = Frameworks;
			sourceTree = "<group>";
		};
/* End PBXGroup section */

/* Begin PBXNativeTarget section */
		5CFB64E81D18AA0900D535E9 /* ParseStagram */ = {
			isa = PBXNativeTarget;
			buildConfigurationList = 5CFB65111D18AA0900D535E9 /* Build configuration list for PBXNativeTarget "ParseStagram" */;
			buildPhases = (
				2000A9EC7EAC2BB6491E886F /* [CP] Check Pods Manifest.lock */,
				5CFB64E51D18AA0900D535E9 /* Sources */,
				5CFB64E61D18AA0900D535E9 /* Frameworks */,
				5CFB64E71D18AA0900D535E9 /* Resources */,
				1D726BFF9285C87C3447260F /* [CP] Embed Pods Frameworks */,
				F26A09F51901983B72CDA1E5 /* [CP] Copy Pods Resources */,
			);
			buildRules = (
			);
			dependencies = (
			);
			name = ParseStagram;
			productName = ParseStagram;
			productReference = 5CFB64E91D18AA0900D535E9 /* ParseStagram.app */;
			productType = "com.apple.product-type.application";
		};
		5CFB64FC1D18AA0900D535E9 /* ParseStagramTests */ = {
			isa = PBXNativeTarget;
			buildConfigurationList = 5CFB65141D18AA0900D535E9 /* Build configuration list for PBXNativeTarget "ParseStagramTests" */;
			buildPhases = (
				38577A1B6E1CE2294E597535 /* [CP] Check Pods Manifest.lock */,
				5CFB64F91D18AA0900D535E9 /* Sources */,
				5CFB64FA1D18AA0900D535E9 /* Frameworks */,
				5CFB64FB1D18AA0900D535E9 /* Resources */,
				096C69A43961F0BC0E2F1430 /* [CP] Embed Pods Frameworks */,
				04209FC44E8BC5D5C4D2ECEB /* [CP] Copy Pods Resources */,
			);
			buildRules = (
			);
			dependencies = (
				5CFB64FF1D18AA0900D535E9 /* PBXTargetDependency */,
			);
			name = ParseStagramTests;
			productName = ParseStagramTests;
			productReference = 5CFB64FD1D18AA0900D535E9 /* ParseStagramTests.xctest */;
			productType = "com.apple.product-type.bundle.unit-test";
		};
		5CFB65071D18AA0900D535E9 /* ParseStagramUITests */ = {
			isa = PBXNativeTarget;
			buildConfigurationList = 5CFB65171D18AA0900D535E9 /* Build configuration list for PBXNativeTarget "ParseStagramUITests" */;
			buildPhases = (
				2F2AD9ADB0602626FCC917C0 /* [CP] Check Pods Manifest.lock */,
				5CFB65041D18AA0900D535E9 /* Sources */,
				5CFB65051D18AA0900D535E9 /* Frameworks */,
				5CFB65061D18AA0900D535E9 /* Resources */,
				9ACFF5246EAC55D47E386270 /* [CP] Copy Pods Resources */,
			);
			buildRules = (
			);
			dependencies = (
				5CFB650A1D18AA0900D535E9 /* PBXTargetDependency */,
			);
			name = ParseStagramUITests;
			productName = ParseStagramUITests;
			productReference = 5CFB65081D18AA0900D535E9 /* ParseStagramUITests.xctest */;
			productType = "com.apple.product-type.bundle.ui-testing";
		};
/* End PBXNativeTarget section */

/* Begin PBXProject section */
		5CFB64E11D18AA0900D535E9 /* Project object */ = {
			isa = PBXProject;
			attributes = {
				LastSwiftUpdateCheck = 0730;
				LastUpgradeCheck = 0730;
				ORGANIZATIONNAME = "Nidhi Manoj";
				TargetAttributes = {
					5CFB64E81D18AA0900D535E9 = {
						CreatedOnToolsVersion = 7.3.1;
					};
					5CFB64FC1D18AA0900D535E9 = {
						CreatedOnToolsVersion = 7.3.1;
						TestTargetID = 5CFB64E81D18AA0900D535E9;
					};
					5CFB65071D18AA0900D535E9 = {
						CreatedOnToolsVersion = 7.3.1;
						TestTargetID = 5CFB64E81D18AA0900D535E9;
					};
				};
			};
			buildConfigurationList = 5CFB64E41D18AA0900D535E9 /* Build configuration list for PBXProject "ParseStagram" */;
			compatibilityVersion = "Xcode 3.2";
			developmentRegion = English;
			hasScannedForEncodings = 0;
			knownRegions = (
				en,
				Base,
			);
			mainGroup = 5CFB64E01D18AA0900D535E9;
			productRefGroup = 5CFB64EA1D18AA0900D535E9 /* Products */;
			projectDirPath = "";
			projectRoot = "";
			targets = (
				5CFB64E81D18AA0900D535E9 /* ParseStagram */,
				5CFB64FC1D18AA0900D535E9 /* ParseStagramTests */,
				5CFB65071D18AA0900D535E9 /* ParseStagramUITests */,
			);
		};
/* End PBXProject section */

/* Begin PBXResourcesBuildPhase section */
		5CFB64E71D18AA0900D535E9 /* Resources */ = {
			isa = PBXResourcesBuildPhase;
			buildActionMask = 2147483647;
			files = (
				5CFB64F71D18AA0900D535E9 /* LaunchScreen.storyboard in Resources */,
				5CFB64F41D18AA0900D535E9 /* Assets.xcassets in Resources */,
				5CFB64F21D18AA0900D535E9 /* Main.storyboard in Resources */,
			);
			runOnlyForDeploymentPostprocessing = 0;
		};
		5CFB64FB1D18AA0900D535E9 /* Resources */ = {
			isa = PBXResourcesBuildPhase;
			buildActionMask = 2147483647;
			files = (
			);
			runOnlyForDeploymentPostprocessing = 0;
		};
		5CFB65061D18AA0900D535E9 /* Resources */ = {
			isa = PBXResourcesBuildPhase;
			buildActionMask = 2147483647;
			files = (
			);
			runOnlyForDeploymentPostprocessing = 0;
		};
/* End PBXResourcesBuildPhase section */

/* Begin PBXShellScriptBuildPhase section */
		04209FC44E8BC5D5C4D2ECEB /* [CP] Copy Pods Resources */ = {
			isa = PBXShellScriptBuildPhase;
			buildActionMask = 2147483647;
			files = (
			);
			inputPaths = (
			);
			name = "[CP] Copy Pods Resources";
			outputPaths = (
			);
			runOnlyForDeploymentPostprocessing = 0;
			shellPath = /bin/sh;
			shellScript = "\"${SRCROOT}/Pods/Target Support Files/Pods-ParseStagramTests/Pods-ParseStagramTests-resources.sh\"\n";
			showEnvVarsInLog = 0;
		};
		096C69A43961F0BC0E2F1430 /* [CP] Embed Pods Frameworks */ = {
			isa = PBXShellScriptBuildPhase;
			buildActionMask = 2147483647;
			files = (
			);
			inputPaths = (
			);
			name = "[CP] Embed Pods Frameworks";
			outputPaths = (
			);
			runOnlyForDeploymentPostprocessing = 0;
			shellPath = /bin/sh;
			shellScript = "\"${SRCROOT}/Pods/Target Support Files/Pods-ParseStagramTests/Pods-ParseStagramTests-frameworks.sh\"\n";
			showEnvVarsInLog = 0;
		};
		1D726BFF9285C87C3447260F /* [CP] Embed Pods Frameworks */ = {
			isa = PBXShellScriptBuildPhase;
			buildActionMask = 2147483647;
			files = (
			);
			inputPaths = (
			);
			name = "[CP] Embed Pods Frameworks";
			outputPaths = (
			);
			runOnlyForDeploymentPostprocessing = 0;
			shellPath = /bin/sh;
			shellScript = "\"${SRCROOT}/Pods/Target Support Files/Pods-ParseStagram/Pods-ParseStagram-frameworks.sh\"\n";
			showEnvVarsInLog = 0;
		};
		2000A9EC7EAC2BB6491E886F /* [CP] Check Pods Manifest.lock */ = {
			isa = PBXShellScriptBuildPhase;
			buildActionMask = 2147483647;
			files = (
			);
			inputPaths = (
			);
			name = "[CP] Check Pods Manifest.lock";
			outputPaths = (
			);
			runOnlyForDeploymentPostprocessing = 0;
			shellPath = /bin/sh;
			shellScript = "diff \"${PODS_ROOT}/../Podfile.lock\" \"${PODS_ROOT}/Manifest.lock\" > /dev/null\nif [[ $? != 0 ]] ; then\n    cat << EOM\nerror: The sandbox is not in sync with the Podfile.lock. Run 'pod install' or update your CocoaPods installation.\nEOM\n    exit 1\nfi\n";
			showEnvVarsInLog = 0;
		};
		2F2AD9ADB0602626FCC917C0 /* [CP] Check Pods Manifest.lock */ = {
			isa = PBXShellScriptBuildPhase;
			buildActionMask = 2147483647;
			files = (
			);
			inputPaths = (
			);
			name = "[CP] Check Pods Manifest.lock";
			outputPaths = (
			);
			runOnlyForDeploymentPostprocessing = 0;
			shellPath = /bin/sh;
			shellScript = "diff \"${PODS_ROOT}/../Podfile.lock\" \"${PODS_ROOT}/Manifest.lock\" > /dev/null\nif [[ $? != 0 ]] ; then\n    cat << EOM\nerror: The sandbox is not in sync with the Podfile.lock. Run 'pod install' or update your CocoaPods installation.\nEOM\n    exit 1\nfi\n";
			showEnvVarsInLog = 0;
		};
		38577A1B6E1CE2294E597535 /* [CP] Check Pods Manifest.lock */ = {
			isa = PBXShellScriptBuildPhase;
			buildActionMask = 2147483647;
			files = (
			);
			inputPaths = (
			);
			name = "[CP] Check Pods Manifest.lock";
			outputPaths = (
			);
			runOnlyForDeploymentPostprocessing = 0;
			shellPath = /bin/sh;
			shellScript = "diff \"${PODS_ROOT}/../Podfile.lock\" \"${PODS_ROOT}/Manifest.lock\" > /dev/null\nif [[ $? != 0 ]] ; then\n    cat << EOM\nerror: The sandbox is not in sync with the Podfile.lock. Run 'pod install' or update your CocoaPods installation.\nEOM\n    exit 1\nfi\n";
			showEnvVarsInLog = 0;
		};
		9ACFF5246EAC55D47E386270 /* [CP] Copy Pods Resources */ = {
			isa = PBXShellScriptBuildPhase;
			buildActionMask = 2147483647;
			files = (
			);
			inputPaths = (
			);
			name = "[CP] Copy Pods Resources";
			outputPaths = (
			);
			runOnlyForDeploymentPostprocessing = 0;
			shellPath = /bin/sh;
			shellScript = "\"${SRCROOT}/Pods/Target Support Files/Pods-ParseStagramUITests/Pods-ParseStagramUITests-resources.sh\"\n";
			showEnvVarsInLog = 0;
		};
		F26A09F51901983B72CDA1E5 /* [CP] Copy Pods Resources */ = {
			isa = PBXShellScriptBuildPhase;
			buildActionMask = 2147483647;
			files = (
			);
			inputPaths = (
			);
			name = "[CP] Copy Pods Resources";
			outputPaths = (
			);
			runOnlyForDeploymentPostprocessing = 0;
			shellPath = /bin/sh;
			shellScript = "\"${SRCROOT}/Pods/Target Support Files/Pods-ParseStagram/Pods-ParseStagram-resources.sh\"\n";
			showEnvVarsInLog = 0;
		};
/* End PBXShellScriptBuildPhase section */

/* Begin PBXSourcesBuildPhase section */
		5CFB64E51D18AA0900D535E9 /* Sources */ = {
			isa = PBXSourcesBuildPhase;
			buildActionMask = 2147483647;
			files = (
				5CFB65291D1B3E0900D535E9 /* InfiniteScrollActivityView.swift in Sources */,
				5CFB652B1D1B500700D535E9 /* DetailPostViewController.swift in Sources */,
				5CFB651B1D18AE6C00D535E9 /* LoginViewController.swift in Sources */,
				5CFB64ED1D18AA0900D535E9 /* AppDelegate.swift in Sources */,
				5CFB651D1D19DE8A00D535E9 /* LoggedInViewController.swift in Sources */,
				5CFB651F1D19F85E00D535E9 /* Post.swift in Sources */,
				5CFB652D1D1C4A9200D535E9 /* ProfileViewController.swift in Sources */,
				5CFB65231D1A0CDA00D535E9 /* PostCell.swift in Sources */,
			);
			runOnlyForDeploymentPostprocessing = 0;
		};
		5CFB64F91D18AA0900D535E9 /* Sources */ = {
			isa = PBXSourcesBuildPhase;
			buildActionMask = 2147483647;
			files = (
				5CFB65021D18AA0900D535E9 /* ParseStagramTests.swift in Sources */,
			);
			runOnlyForDeploymentPostprocessing = 0;
		};
		5CFB65041D18AA0900D535E9 /* Sources */ = {
			isa = PBXSourcesBuildPhase;
			buildActionMask = 2147483647;
			files = (
				5CFB650D1D18AA0900D535E9 /* ParseStagramUITests.swift in Sources */,
			);
			runOnlyForDeploymentPostprocessing = 0;
		};
/* End PBXSourcesBuildPhase section */

/* Begin PBXTargetDependency section */
		5CFB64FF1D18AA0900D535E9 /* PBXTargetDependency */ = {
			isa = PBXTargetDependency;
			target = 5CFB64E81D18AA0900D535E9 /* ParseStagram */;
			targetProxy = 5CFB64FE1D18AA0900D535E9 /* PBXContainerItemProxy */;
		};
		5CFB650A1D18AA0900D535E9 /* PBXTargetDependency */ = {
			isa = PBXTargetDependency;
			target = 5CFB64E81D18AA0900D535E9 /* ParseStagram */;
			targetProxy = 5CFB65091D18AA0900D535E9 /* PBXContainerItemProxy */;
		};
/* End PBXTargetDependency section */

/* Begin PBXVariantGroup section */
		5CFB64F01D18AA0900D535E9 /* Main.storyboard */ = {
			isa = PBXVariantGroup;
			children = (
				5CFB64F11D18AA0900D535E9 /* Base */,
			);
			name = Main.storyboard;
			sourceTree = "<group>";
		};
		5CFB64F51D18AA0900D535E9 /* LaunchScreen.storyboard */ = {
			isa = PBXVariantGroup;
			children = (
				5CFB64F61D18AA0900D535E9 /* Base */,
			);
			name = LaunchScreen.storyboard;
			sourceTree = "<group>";
		};
/* End PBXVariantGroup section */

/* Begin XCBuildConfiguration section */
		5CFB650F1D18AA0900D535E9 /* Debug */ = {
			isa = XCBuildConfiguration;
			buildSettings = {
				ALWAYS_SEARCH_USER_PATHS = NO;
				CLANG_ANALYZER_NONNULL = YES;
				CLANG_CXX_LANGUAGE_STANDARD = "gnu++0x";
				CLANG_CXX_LIBRARY = "libc++";
				CLANG_ENABLE_MODULES = YES;
				CLANG_ENABLE_OBJC_ARC = YES;
				CLANG_WARN_BOOL_CONVERSION = YES;
				CLANG_WARN_CONSTANT_CONVERSION = YES;
				CLANG_WARN_DIRECT_OBJC_ISA_USAGE = YES_ERROR;
				CLANG_WARN_EMPTY_BODY = YES;
				CLANG_WARN_ENUM_CONVERSION = YES;
				CLANG_WARN_INT_CONVERSION = YES;
				CLANG_WARN_OBJC_ROOT_CLASS = YES_ERROR;
				CLANG_WARN_UNREACHABLE_CODE = YES;
				CLANG_WARN__DUPLICATE_METHOD_MATCH = YES;
				"CODE_SIGN_IDENTITY[sdk=iphoneos*]" = "iPhone Developer";
				COPY_PHASE_STRIP = NO;
				DEBUG_INFORMATION_FORMAT = dwarf;
				ENABLE_STRICT_OBJC_MSGSEND = YES;
				ENABLE_TESTABILITY = YES;
				GCC_C_LANGUAGE_STANDARD = gnu99;
				GCC_DYNAMIC_NO_PIC = NO;
				GCC_NO_COMMON_BLOCKS = YES;
				GCC_OPTIMIZATION_LEVEL = 0;
				GCC_PREPROCESSOR_DEFINITIONS = (
					"DEBUG=1",
					"$(inherited)",
				);
				GCC_WARN_64_TO_32_BIT_CONVERSION = YES;
				GCC_WARN_ABOUT_RETURN_TYPE = YES_ERROR;
				GCC_WARN_UNDECLARED_SELECTOR = YES;
				GCC_WARN_UNINITIALIZED_AUTOS = YES_AGGRESSIVE;
				GCC_WARN_UNUSED_FUNCTION = YES;
				GCC_WARN_UNUSED_VARIABLE = YES;
				IPHONEOS_DEPLOYMENT_TARGET = 9.3;
				MTL_ENABLE_DEBUG_INFO = YES;
				ONLY_ACTIVE_ARCH = YES;
				SDKROOT = iphoneos;
				SWIFT_OPTIMIZATION_LEVEL = "-Onone";
			};
			name = Debug;
		};
		5CFB65101D18AA0900D535E9 /* Release */ = {
			isa = XCBuildConfiguration;
			buildSettings = {
				ALWAYS_SEARCH_USER_PATHS = NO;
				CLANG_ANALYZER_NONNULL = YES;
				CLANG_CXX_LANGUAGE_STANDARD = "gnu++0x";
				CLANG_CXX_LIBRARY = "libc++";
				CLANG_ENABLE_MODULES = YES;
				CLANG_ENABLE_OBJC_ARC = YES;
				CLANG_WARN_BOOL_CONVERSION = YES;
				CLANG_WARN_CONSTANT_CONVERSION = YES;
				CLANG_WARN_DIRECT_OBJC_ISA_USAGE = YES_ERROR;
				CLANG_WARN_EMPTY_BODY = YES;
				CLANG_WARN_ENUM_CONVERSION = YES;
				CLANG_WARN_INT_CONVERSION = YES;
				CLANG_WARN_OBJC_ROOT_CLASS = YES_ERROR;
				CLANG_WARN_UNREACHABLE_CODE = YES;
				CLANG_WARN__DUPLICATE_METHOD_MATCH = YES;
				"CODE_SIGN_IDENTITY[sdk=iphoneos*]" = "iPhone Developer";
				COPY_PHASE_STRIP = NO;
				DEBUG_INFORMATION_FORMAT = "dwarf-with-dsym";
				ENABLE_NS_ASSERTIONS = NO;
				ENABLE_STRICT_OBJC_MSGSEND = YES;
				GCC_C_LANGUAGE_STANDARD = gnu99;
				GCC_NO_COMMON_BLOCKS = YES;
				GCC_WARN_64_TO_32_BIT_CONVERSION = YES;
				GCC_WARN_ABOUT_RETURN_TYPE = YES_ERROR;
				GCC_WARN_UNDECLARED_SELECTOR = YES;
				GCC_WARN_UNINITIALIZED_AUTOS = YES_AGGRESSIVE;
				GCC_WARN_UNUSED_FUNCTION = YES;
				GCC_WARN_UNUSED_VARIABLE = YES;
				IPHONEOS_DEPLOYMENT_TARGET = 9.3;
				MTL_ENABLE_DEBUG_INFO = NO;
				SDKROOT = iphoneos;
				VALIDATE_PRODUCT = YES;
			};
			name = Release;
		};
		5CFB65121D18AA0900D535E9 /* Debug */ = {
			isa = XCBuildConfiguration;
			baseConfigurationReference = E8653E18A619D166A3427C0C /* Pods-ParseStagram.debug.xcconfig */;
			buildSettings = {
				ASSETCATALOG_COMPILER_APPICON_NAME = AppIcon;
				INFOPLIST_FILE = ParseStagram/Info.plist;
				LD_RUNPATH_SEARCH_PATHS = "$(inherited) @executable_path/Frameworks";
				PRODUCT_BUNDLE_IDENTIFIER = com.codepath.ParseStagram;
				PRODUCT_NAME = "$(TARGET_NAME)";
			};
			name = Debug;
		};
		5CFB65131D18AA0900D535E9 /* Release */ = {
			isa = XCBuildConfiguration;
			baseConfigurationReference = CABA732AF08938F944BBF82B /* Pods-ParseStagram.release.xcconfig */;
			buildSettings = {
				ASSETCATALOG_COMPILER_APPICON_NAME = AppIcon;
				INFOPLIST_FILE = ParseStagram/Info.plist;
				LD_RUNPATH_SEARCH_PATHS = "$(inherited) @executable_path/Frameworks";
				PRODUCT_BUNDLE_IDENTIFIER = com.codepath.ParseStagram;
				PRODUCT_NAME = "$(TARGET_NAME)";
			};
			name = Release;
		};
		5CFB65151D18AA0900D535E9 /* Debug */ = {
			isa = XCBuildConfiguration;
			baseConfigurationReference = 067C65ACDF0C32E15B7264EF /* Pods-ParseStagramTests.debug.xcconfig */;
			buildSettings = {
				BUNDLE_LOADER = "$(TEST_HOST)";
				INFOPLIST_FILE = ParseStagramTests/Info.plist;
				LD_RUNPATH_SEARCH_PATHS = "$(inherited) @executable_path/Frameworks @loader_path/Frameworks";
				PRODUCT_BUNDLE_IDENTIFIER = com.codepath.ParseStagramTests;
				PRODUCT_NAME = "$(TARGET_NAME)";
				TEST_HOST = "$(BUILT_PRODUCTS_DIR)/ParseStagram.app/ParseStagram";
			};
			name = Debug;
		};
		5CFB65161D18AA0900D535E9 /* Release */ = {
			isa = XCBuildConfiguration;
			baseConfigurationReference = C7326EC8581BA3FCA53A06C9 /* Pods-ParseStagramTests.release.xcconfig */;
			buildSettings = {
				BUNDLE_LOADER = "$(TEST_HOST)";
				INFOPLIST_FILE = ParseStagramTests/Info.plist;
				LD_RUNPATH_SEARCH_PATHS = "$(inherited) @executable_path/Frameworks @loader_path/Frameworks";
				PRODUCT_BUNDLE_IDENTIFIER = com.codepath.ParseStagramTests;
				PRODUCT_NAME = "$(TARGET_NAME)";
				TEST_HOST = "$(BUILT_PRODUCTS_DIR)/ParseStagram.app/ParseStagram";
			};
			name = Release;
		};
		5CFB65181D18AA0900D535E9 /* Debug */ = {
			isa = XCBuildConfiguration;
			baseConfigurationReference = A9F4229057A5ED2506D5C9E0 /* Pods-ParseStagramUITests.debug.xcconfig */;
			buildSettings = {
				INFOPLIST_FILE = ParseStagramUITests/Info.plist;
				LD_RUNPATH_SEARCH_PATHS = "$(inherited) @executable_path/Frameworks @loader_path/Frameworks";
				PRODUCT_BUNDLE_IDENTIFIER = com.codepath.ParseStagramUITests;
				PRODUCT_NAME = "$(TARGET_NAME)";
				TEST_TARGET_NAME = ParseStagram;
			};
			name = Debug;
		};
		5CFB65191D18AA0900D535E9 /* Release */ = {
			isa = XCBuildConfiguration;
			baseConfigurationReference = B414B1717500413868EC5544 /* Pods-ParseStagramUITests.release.xcconfig */;
			buildSettings = {
				INFOPLIST_FILE = ParseStagramUITests/Info.plist;
				LD_RUNPATH_SEARCH_PATHS = "$(inherited) @executable_path/Frameworks @loader_path/Frameworks";
				PRODUCT_BUNDLE_IDENTIFIER = com.codepath.ParseStagramUITests;
				PRODUCT_NAME = "$(TARGET_NAME)";
				TEST_TARGET_NAME = ParseStagram;
			};
			name = Release;
		};
/* End XCBuildConfiguration section */

/* Begin XCConfigurationList section */
		5CFB64E41D18AA0900D535E9 /* Build configuration list for PBXProject "ParseStagram" */ = {
			isa = XCConfigurationList;
			buildConfigurations = (
				5CFB650F1D18AA0900D535E9 /* Debug */,
				5CFB65101D18AA0900D535E9 /* Release */,
			);
			defaultConfigurationIsVisible = 0;
			defaultConfigurationName = Release;
		};
		5CFB65111D18AA0900D535E9 /* Build configuration list for PBXNativeTarget "ParseStagram" */ = {
			isa = XCConfigurationList;
			buildConfigurations = (
				5CFB65121D18AA0900D535E9 /* Debug */,
				5CFB65131D18AA0900D535E9 /* Release */,
			);
			defaultConfigurationIsVisible = 0;
			defaultConfigurationName = Release;
		};
		5CFB65141D18AA0900D535E9 /* Build configuration list for PBXNativeTarget "ParseStagramTests" */ = {
			isa = XCConfigurationList;
			buildConfigurations = (
				5CFB65151D18AA0900D535E9 /* Debug */,
				5CFB65161D18AA0900D535E9 /* Release */,
			);
			defaultConfigurationIsVisible = 0;
			defaultConfigurationName = Release;
		};
		5CFB65171D18AA0900D535E9 /* Build configuration list for PBXNativeTarget "ParseStagramUITests" */ = {
			isa = XCConfigurationList;
			buildConfigurations = (
				5CFB65181D18AA0900D535E9 /* Debug */,
				5CFB65191D18AA0900D535E9 /* Release */,
			);
			defaultConfigurationIsVisible = 0;
			defaultConfigurationName = Release;
		};
/* End XCConfigurationList section */
	};
	rootObject = 5CFB64E11D18AA0900D535E9 /* Project object */;
}
